
Microsoft Visual Studio Solution File, Format Version 12.00
# Visual Studio Version 17
VisualStudioVersion = 17.14.36518.9
MinimumVisualStudioVersion = 10.0.40219.1
Project("{FAE04EC0-301F-11D3-BF4B-00C04F79EFBC}") = "TinyHex", "TinyHex.csproj", "{E51EAD7F-858A-44DF-80AB-F3BD30AAEFF7}"
EndProject
Global
	GlobalSection(SolutionConfigurationPlatforms) = preSolution
		Debug|Any CPU = Debug|Any CPU
		Release|Any CPU = Release|Any CPU
	EndGlobalSection
	GlobalSection(ProjectConfigurationPlatforms) = postSolution
		{E51EAD7F-858A-44DF-80AB-F3BD30AAEFF7}.Debug|Any CPU.ActiveCfg = Debug|Any CPU
		{E51EAD7F-858A-44DF-80AB-F3BD30AAEFF7}.Debug|Any CPU.Build.0 = Debug|Any CPU
		{E51EAD7F-858A-44DF-80AB-F3BD30AAEFF7}.Release|Any CPU.ActiveCfg = Release|Any CPU
		{E51EAD7F-858A-44DF-80AB-F3BD30AAEFF7}.Release|Any CPU.Build.0 = Release|Any CPU
	EndGlobalSection
	GlobalSection(SolutionProperties) = preSolution
		HideSolutionNode = FALSE
	EndGlobalSection
	GlobalSection(ExtensibilityGlobals) = postSolution
		SolutionGuid = {403FB91B-01A9-46F3-B688-DC28CD568346}
	EndGlobalSection
EndGlobal
